
Microsoft Visual Studio Solution File, Format Version 12.00
# Visual Studio Version 17
VisualStudioVersion = 17.13.35931.197
MinimumVisualStudioVersion = 10.0.40219.1
Project("{FAE04EC0-301F-11D3-BF4B-00C04F79EFBC}") = "TechLibrary.Api", "TechLibrary.Api\TechLibrary.Api.csproj", "{88853B83-AC83-4010-B2B7-35F2013C330E}"
EndProject
Project("{FAE04EC0-301F-11D3-BF4B-00C04F79EFBC}") = "TechLibrary.Communitcation", "TechLibrary.Communitcation\TechLibrary.Communitcation.csproj", "{6D9BD365-436E-4CD1-86C5-6FFDCF45BBBD}"
EndProject
Project("{FAE04EC0-301F-11D3-BF4B-00C04F79EFBC}") = "TechLibrary.Exception", "TechLibrary.Exception\TechLibrary.Exception.csproj", "{073F440C-B006-42AF-BFC2-B2C712230BD1}"
EndProject
Global
	GlobalSection(SolutionConfigurationPlatforms) = preSolution
		Debug|Any CPU = Debug|Any CPU
		Release|Any CPU = Release|Any CPU
	EndGlobalSection
	GlobalSection(ProjectConfigurationPlatforms) = postSolution
		{88853B83-AC83-4010-B2B7-35F2013C330E}.Debug|Any CPU.ActiveCfg = Debug|Any CPU
		{88853B83-AC83-4010-B2B7-35F2013C330E}.Debug|Any CPU.Build.0 = Debug|Any CPU
		{88853B83-AC83-4010-B2B7-35F2013C330E}.Release|Any CPU.ActiveCfg = Release|Any CPU
		{88853B83-AC83-4010-B2B7-35F2013C330E}.Release|Any CPU.Build.0 = Release|Any CPU
		{6D9BD365-436E-4CD1-86C5-6FFDCF45BBBD}.Debug|Any CPU.ActiveCfg = Debug|Any CPU
		{6D9BD365-436E-4CD1-86C5-6FFDCF45BBBD}.Debug|Any CPU.Build.0 = Debug|Any CPU
		{6D9BD365-436E-4CD1-86C5-6FFDCF45BBBD}.Release|Any CPU.ActiveCfg = Release|Any CPU
		{6D9BD365-436E-4CD1-86C5-6FFDCF45BBBD}.Release|Any CPU.Build.0 = Release|Any CPU
		{073F440C-B006-42AF-BFC2-B2C712230BD1}.Debug|Any CPU.ActiveCfg = Debug|Any CPU
		{073F440C-B006-42AF-BFC2-B2C712230BD1}.Debug|Any CPU.Build.0 = Debug|Any CPU
		{073F440C-B006-42AF-BFC2-B2C712230BD1}.Release|Any CPU.ActiveCfg = Release|Any CPU
		{073F440C-B006-42AF-BFC2-B2C712230BD1}.Release|Any CPU.Build.0 = Release|Any CPU
	EndGlobalSection
	GlobalSection(SolutionProperties) = preSolution
		HideSolutionNode = FALSE
	EndGlobalSection
	GlobalSection(ExtensibilityGlobals) = postSolution
		SolutionGuid = {C0CB13C1-7B00-4735-BC35-9BF24B6C84E3}
	EndGlobalSection
EndGlobal
